{
  "name": "@hitkeep/tracker",
  "lockfileVersion": 3,
  "requires": true,
  "packages": {
    "": {
      "name": "@hitkeep/tracker",
      "license": "MIT",
      "devDependencies": {
        "rolldown": "^1.0.0-rc.1"
      },
      "engines": {
        "node": "24"
      }
    },
    "node_modules/@emnapi/core": {
      "version": "1.8.1",
      "resolved": "https://registry.npmjs.org/@emnapi/core/-/core-1.8.1.tgz",
      "integrity": "sha512-AvT9QFpxK0Zd8J0jopedNm+w/2fIzvtPKPjqyw9jwvBaReTTqPBk9Hixaz7KbjimP+QNz605/XnjFcDAL2pqBg==",
      "dev": true,
      "license": "MIT",
      "optional": true,
      "dependencies": {
        "@emnapi/wasi-threads": "1.1.0",
        "tslib": "^2.4.0"
      }
    },
    "node_modules/@emnapi/runtime": {
      "version": "1.8.1",
      "resolved": "https://registry.npmjs.org/@emnapi/runtime/-/runtime-1.8.1.tgz",
      "integrity": "sha512-mehfKSMWjjNol8659Z8KxEMrdSJDDot5SXMq00dM8BN4o+CLNXQ0xH2V7EchNHV4RmbZLmmPdEaXZc5H2FXmDg==",
      "dev": true,
      "license": "MIT",
      "optional": true,
      "dependencies": {
        "tslib": "^2.4.0"
      }
    },
    "node_modules/@emnapi/wasi-threads": {
      "version": "1.1.0",
      "resolved": "https://registry.npmjs.org/@emnapi/wasi-threads/-/wasi-threads-1.1.0.tgz",
      "integrity": "sha512-WI0DdZ8xFSbgMjR1sFsKABJ/C5OnRrjT06JXbZKexJGrDuPTzZdDYfFlsgcCXCyf+suG5QU2e/y1Wo2V/OapLQ==",
      "dev": true,
      "license": "MIT",
      "optional": true,
      "dependencies": {
        "tslib": "^2.4.0"
      }
    },
    "node_modules/@napi-rs/wasm-runtime": {
      "version": "1.1.1",
      "resolved": "https://registry.npmjs.org/@napi-rs/wasm-runtime/-/wasm-runtime-1.1.1.tgz",
      "integrity": "sha512-p64ah1M1ld8xjWv3qbvFwHiFVWrq1yFvV4f7w+mzaqiR4IlSgkqhcRdHwsGgomwzBH51sRY4NEowLxnaBjcW/A==",
      "dev": true,
      "license": "MIT",
      "optional": true,
      "dependencies": {
        "@emnapi/core": "^1.7.1",
        "@emnapi/runtime": "^1.7.1",
        "@tybys/wasm-util": "^0.10.1"
      },
      "funding": {
        "type": "github",
        "url": "https://github.com/sponsors/Brooooooklyn"
      }
    },
    "node_modules/@oxc-project/types": {
      "version": "0.110.0",
      "resolved": "https://registry.npmjs.org/@oxc-project/types/-/types-0.110.0.tgz",
      "integrity": "sha512-6Ct21OIlrEnFEJk5LT4e63pk3btsI6/TusD/GStLi7wYlGJNOl1GI9qvXAnRAxQU9zqA2Oz+UwhfTOU2rPZVow==",
      "dev": true,
      "license": "MIT",
      "funding": {
        "url": "https://github.com/sponsors/Boshen"
      }
    },
    "node_modules/@rolldown/binding-android-arm64": {
      "version": "1.0.0-rc.1",
      "resolved": "https://registry.npmjs.org/@rolldown/binding-android-arm64/-/binding-android-arm64-1.0.0-rc.1.tgz",
      "integrity": "sha512-He6ZoCfv5D7dlRbrhNBkuMVIHd0GDnjJwbICE1OWpG7G3S2gmJ+eXkcNLJjzjNDpeI2aRy56ou39AJM9AD8YFA==",
      "cpu": [
        "arm64"
      ],
      "dev": true,
      "license": "MIT",
      "optional": true,
      "os": [
        "android"
      ],
      "engines": {
        "node": "^20.19.0 || >=22.12.0"
      }
    },
    "node_modules/@rolldown/binding-darwin-arm64": {
      "version": "1.0.0-rc.1",
      "resolved": "https://registry.npmjs.org/@rolldown/binding-darwin-arm64/-/binding-darwin-arm64-1.0.0-rc.1.tgz",
      "integrity": "sha512-YzJdn08kSOXnj85ghHauH2iHpOJ6eSmstdRTLyaziDcUxe9SyQJgGyx/5jDIhDvtOcNvMm2Ju7m19+S/Rm1jFg==",
      "cpu": [
        "arm64"
      ],
      "dev": true,
      "license": "MIT",
      "optional": true,
      "os": [
        "darwin"
      ],
      "engines": {
        "node": "^20.19.0 || >=22.12.0"
      }
    },
    "node_modules/@rolldown/binding-darwin-x64": {
      "version": "1.0.0-rc.1",
      "resolved": "https://registry.npmjs.org/@rolldown/binding-darwin-x64/-/binding-darwin-x64-1.0.0-rc.1.tgz",
      "integrity": "sha512-cIvAbqM+ZVV6lBSKSBtlNqH5iCiW933t1q8j0H66B3sjbe8AxIRetVqfGgcHcJtMzBIkIALlL9fcDrElWLJQcQ==",
      "cpu": [
        "x64"
      ],
      "dev": true,
      "license": "MIT",
      "optional": true,
      "os": [
        "darwin"
      ],
      "engines": {
        "node": "^20.19.0 || >=22.12.0"
      }
    },
    "node_modules/@rolldown/binding-freebsd-x64": {
      "version": "1.0.0-rc.1",
      "resolved": "https://registry.npmjs.org/@rolldown/binding-freebsd-x64/-/binding-freebsd-x64-1.0.0-rc.1.tgz",
      "integrity": "sha512-rVt+B1B/qmKwCl1XD02wKfgh3vQPXRXdB/TicV2w6g7RVAM1+cZcpigwhLarqiVCxDObFZ7UgXCxPC7tpDoRog==",
      "cpu": [
        "x64"
      ],
      "dev": true,
      "license": "MIT",
      "optional": true,
      "os": [
        "freebsd"
      ],
      "engines": {
        "node": "^20.19.0 || >=22.12.0"
      }
    },
    "node_modules/@rolldown/binding-linux-arm-gnueabihf": {
      "version": "1.0.0-rc.1",
      "resolved": "https://registry.npmjs.org/@rolldown/binding-linux-arm-gnueabihf/-/binding-linux-arm-gnueabihf-1.0.0-rc.1.tgz",
      "integrity": "sha512-69YKwJJBOFprQa1GktPgbuBOfnn+EGxu8sBJ1TjPER+zhSpYeaU4N07uqmyBiksOLGXsMegymuecLobfz03h8Q==",
      "cpu": [
        "arm"
      ],
      "dev": true,
      "license": "MIT",
      "optional": true,
      "os": [
        "linux"
      ],
      "engines": {
        "node": "^20.19.0 || >=22.12.0"
      }
    },
    "node_modules/@rolldown/binding-linux-arm64-gnu": {
      "version": "1.0.0-rc.1",
      "resolved": "https://registry.npmjs.org/@rolldown/binding-linux-arm64-gnu/-/binding-linux-arm64-gnu-1.0.0-rc.1.tgz",
      "integrity": "sha512-9JDhHUf3WcLfnViFWm+TyorqUtnSAHaCzlSNmMOq824prVuuzDOK91K0Hl8DUcEb9M5x2O+d2/jmBMsetRIn3g==",
      "cpu": [
        "arm64"
      ],
      "dev": true,
      "license": "MIT",
      "optional": true,
      "os": [
        "linux"
      ],
      "engines": {
        "node": "^20.19.0 || >=22.12.0"
      }
    },
    "node_modules/@rolldown/binding-linux-arm64-musl": {
      "version": "1.0.0-rc.1",
      "resolved": "https://registry.npmjs.org/@rolldown/binding-linux-arm64-musl/-/binding-linux-arm64-musl-1.0.0-rc.1.tgz",
      "integrity": "sha512-UvApLEGholmxw/HIwmUnLq3CwdydbhaHHllvWiCTNbyGom7wTwOtz5OAQbAKZYyiEOeIXZNPkM7nA4Dtng7CLw==",
      "cpu": [
        "arm64"
      ],
      "dev": true,
      "license": "MIT",
      "optional": true,
      "os": [
        "linux"
      ],
      "engines": {
        "node": "^20.19.0 || >=22.12.0"
      }
    },
    "node_modules/@rolldown/binding-linux-x64-gnu": {
      "version": "1.0.0-rc.1",
      "resolved": "https://registry.npmjs.org/@rolldown/binding-linux-x64-gnu/-/binding-linux-x64-gnu-1.0.0-rc.1.tgz",
      "integrity": "sha512-uVctNgZHiGnJx5Fij7wHLhgw4uyZBVi6mykeWKOqE7bVy9Hcxn0fM/IuqdMwk6hXlaf9fFShDTFz2+YejP+x0A==",
      "cpu": [
        "x64"
      ],
      "dev": true,
      "license": "MIT",
      "optional": true,
      "os": [
        "linux"
      ],
      "engines": {
        "node": "^20.19.0 || >=22.12.0"
      }
    },
    "node_modules/@rolldown/binding-linux-x64-musl": {
      "version": "1.0.0-rc.1",
      "resolved": "https://registry.npmjs.org/@rolldown/binding-linux-x64-musl/-/binding-linux-x64-musl-1.0.0-rc.1.tgz",
      "integrity": "sha512-T6Eg0xWwcxd/MzBcuv4Z37YVbUbJxy5cMNnbIt/Yr99wFwli30O4BPlY8hKeGyn6lWNtU0QioBS46lVzDN38bg==",
      "cpu": [
        "x64"
      ],
      "dev": true,
      "license": "MIT",
      "optional": true,
      "os": [
        "linux"
      ],
      "engines": {
        "node": "^20.19.0 || >=22.12.0"
      }
    },
    "node_modules/@rolldown/binding-openharmony-arm64": {
      "version": "1.0.0-rc.1",
      "resolved": "https://registry.npmjs.org/@rolldown/binding-openharmony-arm64/-/binding-openharmony-arm64-1.0.0-rc.1.tgz",
      "integrity": "sha512-PuGZVS2xNJyLADeh2F04b+Cz4NwvpglbtWACgrDOa5YDTEHKwmiTDjoD5eZ9/ptXtcpeFrMqD2H4Zn33KAh1Eg==",
      "cpu": [
        "arm64"
      ],
      "dev": true,
      "license": "MIT",
      "optional": true,
      "os": [
        "openharmony"
      ],
      "engines": {
        "node": "^20.19.0 || >=22.12.0"
      }
    },
    "node_modules/@rolldown/binding-wasm32-wasi": {
      "version": "1.0.0-rc.1",
      "resolved": "https://registry.npmjs.org/@rolldown/binding-wasm32-wasi/-/binding-wasm32-wasi-1.0.0-rc.1.tgz",
      "integrity": "sha512-2mOxY562ihHlz9lEXuaGEIDCZ1vI+zyFdtsoa3M62xsEunDXQE+DVPO4S4x5MPK9tKulG/aFcA/IH5eVN257Cw==",
      "cpu": [
        "wasm32"
      ],
      "dev": true,
      "license": "MIT",
      "optional": true,
      "dependencies": {
        "@napi-rs/wasm-runtime": "^1.1.1"
      },
      "engines": {
        "node": ">=14.0.0"
      }
    },
    "node_modules/@rolldown/binding-win32-arm64-msvc": {
      "version": "1.0.0-rc.1",
      "resolved": "https://registry.npmjs.org/@rolldown/binding-win32-arm64-msvc/-/binding-win32-arm64-msvc-1.0.0-rc.1.tgz",
      "integrity": "sha512-oQVOP5cfAWZwRD0Q3nGn/cA9FW3KhMMuQ0NIndALAe6obqjLhqYVYDiGGRGrxvnjJsVbpLwR14gIUYnpIcHR1g==",
      "cpu": [
        "arm64"
      ],
      "dev": true,
      "license": "MIT",
      "optional": true,
      "os": [
        "win32"
      ],
      "engines": {
        "node": "^20.19.0 || >=22.12.0"
      }
    },
    "node_modules/@rolldown/binding-win32-x64-msvc": {
      "version": "1.0.0-rc.1",
      "resolved": "https://registry.npmjs.org/@rolldown/binding-win32-x64-msvc/-/binding-win32-x64-msvc-1.0.0-rc.1.tgz",
      "integrity": "sha512-Ydsxxx++FNOuov3wCBPaYjZrEvKOOGq3k+BF4BPridhg2pENfitSRD2TEuQ8i33bp5VptuNdC9IzxRKU031z5A==",
      "cpu": [
        "x64"
      ],
      "dev": true,
      "license": "MIT",
      "optional": true,
      "os": [
        "win32"
      ],
      "engines": {
        "node": "^20.19.0 || >=22.12.0"
      }
    },
    "node_modules/@rolldown/pluginutils": {
      "version": "1.0.0-rc.1",
      "resolved": "https://registry.npmjs.org/@rolldown/pluginutils/-/pluginutils-1.0.0-rc.1.tgz",
      "integrity": "sha512-UTBjtTxVOhodhzFVp/ayITaTETRHPUPYZPXQe0WU0wOgxghMojXxYjOiPOauKIYNWJAWS2fd7gJgGQK8GU8vDA==",
      "dev": true,
      "license": "MIT"
    },
    "node_modules/@tybys/wasm-util": {
      "version": "0.10.1",
      "resolved": "https://registry.npmjs.org/@tybys/wasm-util/-/wasm-util-0.10.1.tgz",
      "integrity": "sha512-9tTaPJLSiejZKx+Bmog4uSubteqTvFrVrURwkmHixBo0G4seD0zUxp98E1DzUBJxLQ3NPwXrGKDiVjwx/DpPsg==",
      "dev": true,
      "license": "MIT",
      "optional": true,
      "dependencies": {
        "tslib": "^2.4.0"
      }
    },
    "node_modules/rolldown": {
      "version": "1.0.0-rc.1",
      "resolved": "https://registry.npmjs.org/rolldown/-/rolldown-1.0.0-rc.1.tgz",
      "integrity": "sha512-M3AeZjYE6UclblEf531Hch0WfVC/NOL43Cc+WdF3J50kk5/fvouHhDumSGTh0oRjbZ8C4faaVr5r6Nx1xMqDGg==",
      "dev": true,
      "license": "MIT",
      "dependencies": {
        "@oxc-project/types": "=0.110.0",
        "@rolldown/pluginutils": "1.0.0-rc.1"
      },
      "bin": {
        "rolldown": "bin/cli.mjs"
      },
      "engines": {
        "node": "^20.19.0 || >=22.12.0"
      },
      "optionalDependencies": {
        "@rolldown/binding-android-arm64": "1.0.0-rc.1",
        "@rolldown/binding-darwin-arm64": "1.0.0-rc.1",
        "@rolldown/binding-darwin-x64": "1.0.0-rc.1",
        "@rolldown/binding-freebsd-x64": "1.0.0-rc.1",
        "@rolldown/binding-linux-arm-gnueabihf": "1.0.0-rc.1",
        "@rolldown/binding-linux-arm64-gnu": "1.0.0-rc.1",
        "@rolldown/binding-linux-arm64-musl": "1.0.0-rc.1",
        "@rolldown/binding-linux-x64-gnu": "1.0.0-rc.1",
        "@rolldown/binding-linux-x64-musl": "1.0.0-rc.1",
        "@rolldown/binding-openharmony-arm64": "1.0.0-rc.1",
        "@rolldown/binding-wasm32-wasi": "1.0.0-rc.1",
        "@rolldown/binding-win32-arm64-msvc": "1.0.0-rc.1",
        "@rolldown/binding-win32-x64-msvc": "1.0.0-rc.1"
      }
    },
    "node_modules/tslib": {
      "version": "2.8.1",
      "resolved": "https://registry.npmjs.org/tslib/-/tslib-2.8.1.tgz",
      "integrity": "sha512-oJFu94HQb+KVduSUQL7wnpmqnfmLsOA/nAh6b6EH0wCEoK0/mPeXU6c3wKDV83MkOuHPRHtSXKKU99IBazS/2w==",
      "dev": true,
      "license": "0BSD",
      "optional": true
    }
  }
}
